// !$*UTF8*$!
{
	archiveVersion = 1;
	classes = {
	};
	objectVersion = 46;
	objects = {

/* Begin PBXBuildFile section */
		9F477A521D3769AA00AE2EB0 /* AppDelegate.swift in Sources */ = {isa = PBXBuildFile; fileRef = 9F477A511D3769AA00AE2EB0 /* AppDelegate.swift */; };
		9F477A541D3769AA00AE2EB0 /* ViewController.swift in Sources */ = {isa = PBXBuildFile; fileRef = 9F477A531D3769AA00AE2EB0 /* ViewController.swift */; };
		9F477A571D3769AA00AE2EB0 /* Main.storyboard in Resources */ = {isa = PBXBuildFile; fileRef = 9F477A551D3769AA00AE2EB0 /* Main.storyboard */; };
		9F477A591D3769AA00AE2EB0 /* Assets.xcassets in Resources */ = {isa = PBXBuildFile; fileRef = 9F477A581D3769AA00AE2EB0 /* Assets.xcassets */; };
		9F477A5C1D3769AA00AE2EB0 /* LaunchScreen.storyboard in Resources */ = {isa = PBXBuildFile; fileRef = 9F477A5A1D3769AA00AE2EB0 /* LaunchScreen.storyboard */; };
		9F477A671D3769AA00AE2EB0 /* PrinterTests.swift in Sources */ = {isa = PBXBuildFile; fileRef = 9F477A661D3769AA00AE2EB0 /* PrinterTests.swift */; };
		9F477A721D3769AB00AE2EB0 /* PrinterUITests.swift in Sources */ = {isa = PBXBuildFile; fileRef = 9F477A711D3769AB00AE2EB0 /* PrinterUITests.swift */; };
		9F477A801D3781E100AE2EB0 /* PrinterController.swift in Sources */ = {isa = PBXBuildFile; fileRef = 9F477A7F1D3781E100AE2EB0 /* PrinterController.swift */; };
/* End PBXBuildFile section */

/* Begin PBXContainerItemProxy section */
		9F477A631D3769AA00AE2EB0 /* PBXContainerItemProxy */ = {
			isa = PBXContainerItemProxy;
			containerPortal = 9F477A461D3769AA00AE2EB0 /* Project object */;
			proxyType = 1;
			remoteGlobalIDString = 9F477A4D1D3769AA00AE2EB0;
			remoteInfo = Printer;
		};
		9F477A6E1D3769AB00AE2EB0 /* PBXContainerItemProxy */ = {
			isa = PBXContainerItemProxy;
			containerPortal = 9F477A461D3769AA00AE2EB0 /* Project object */;
			proxyType = 1;
			remoteGlobalIDString = 9F477A4D1D3769AA00AE2EB0;
			remoteInfo = Printer;
		};
/* End PBXContainerItemProxy section */

/* Begin PBXFileReference section */
		9F477A4E1D3769AA00AE2EB0 /* Printer.app */ = {isa = PBXFileReference; explicitFileType = wrapper.application; includeInIndex = 0; path = Printer.app; sourceTree = BUILT_PRODUCTS_DIR; };
		9F477A511D3769AA00AE2EB0 /* AppDelegate.swift */ = {isa = PBXFileReference; lastKnownFileType = sourcecode.swift; path = AppDelegate.swift; sourceTree = "<group>"; };
		9F477A531D3769AA00AE2EB0 /* ViewController.swift */ = {isa = PBXFileReference; lastKnownFileType = sourcecode.swift; path = ViewController.swift; sourceTree = "<group>"; };
		9F477A561D3769AA00AE2EB0 /* Base */ = {isa = PBXFileReference; lastKnownFileType = file.storyboard; name = Base; path = Base.lproj/Main.storyboard; sourceTree = "<group>"; };
		9F477A581D3769AA00AE2EB0 /* Assets.xcassets */ = {isa = PBXFileReference; lastKnownFileType = folder.assetcatalog; path = Assets.xcassets; sourceTree = "<group>"; };
		9F477A5B1D3769AA00AE2EB0 /* Base */ = {isa = PBXFileReference; lastKnownFileType = file.storyboard; name = Base; path = Base.lproj/LaunchScreen.storyboard; sourceTree = "<group>"; };
		9F477A5D1D3769AA00AE2EB0 /* Info.plist */ = {isa = PBXFileReference; lastKnownFileType = text.plist.xml; path = Info.plist; sourceTree = "<group>"; };
		9F477A621D3769AA00AE2EB0 /* PrinterTests.xctest */ = {isa = PBXFileReference; explicitFileType = wrapper.cfbundle; includeInIndex = 0; path = PrinterTests.xctest; sourceTree = BUILT_PRODUCTS_DIR; };
		9F477A661D3769AA00AE2EB0 /* PrinterTests.swift */ = {isa = PBXFileReference; lastKnownFileType = sourcecode.swift; path = PrinterTests.swift; sourceTree = "<group>"; };
		9F477A681D3769AA00AE2EB0 /* Info.plist */ = {isa = PBXFileReference; lastKnownFileType = text.plist.xml; path = Info.plist; sourceTree = "<group>"; };
		9F477A6D1D3769AB00AE2EB0 /* PrinterUITests.xctest */ = {isa = PBXFileReference; explicitFileType = wrapper.cfbundle; includeInIndex = 0; path = PrinterUITests.xctest; sourceTree = BUILT_PRODUCTS_DIR; };
		9F477A711D3769AB00AE2EB0 /* PrinterUITests.swift */ = {isa = PBXFileReference; lastKnownFileType = sourcecode.swift; path = PrinterUITests.swift; sourceTree = "<group>"; };
		9F477A731D3769AB00AE2EB0 /* Info.plist */ = {isa = PBXFileReference; lastKnownFileType = text.plist.xml; path = Info.plist; sourceTree = "<group>"; };
		9F477A7F1D3781E100AE2EB0 /* PrinterController.swift */ = {isa = PBXFileReference; fileEncoding = 4; lastKnownFileType = sourcecode.swift; path = PrinterController.swift; sourceTree = "<group>"; };
/* End PBXFileReference section */

/* Begin PBXFrameworksBuildPhase section */
		9F477A4B1D3769AA00AE2EB0 /* Frameworks */ = {
			isa = PBXFrameworksBuildPhase;
			buildActionMask = 2147483647;
			files = (
			);
			runOnlyForDeploymentPostprocessing = 0;
		};
		9F477A5F1D3769AA00AE2EB0 /* Frameworks */ = {
			isa = PBXFrameworksBuildPhase;
			buildActionMask = 2147483647;
			files = (
			);
			runOnlyForDeploymentPostprocessing = 0;
		};
		9F477A6A1D3769AB00AE2EB0 /* Frameworks */ = {
			isa = PBXFrameworksBuildPhase;
			buildActionMask = 2147483647;
			files = (
			);
			runOnlyForDeploymentPostprocessing = 0;
		};
/* End PBXFrameworksBuildPhase section */

/* Begin PBXGroup section */
		9F477A451D3769AA00AE2EB0 = {
			isa = PBXGroup;
			children = (
				9F477A501D3769AA00AE2EB0 /* Printer */,
				9F477A651D3769AA00AE2EB0 /* PrinterTests */,
				9F477A701D3769AB00AE2EB0 /* PrinterUITests */,
				9F477A4F1D3769AA00AE2EB0 /* Products */,
			);
			sourceTree = "<group>";
		};
		9F477A4F1D3769AA00AE2EB0 /* Products */ = {
			isa = PBXGroup;
			children = (
				9F477A4E1D3769AA00AE2EB0 /* Printer.app */,
				9F477A621D3769AA00AE2EB0 /* PrinterTests.xctest */,
				9F477A6D1D3769AB00AE2EB0 /* PrinterUITests.xctest */,
			);
			name = Products;
			sourceTree = "<group>";
		};
		9F477A501D3769AA00AE2EB0 /* Printer */ = {
			isa = PBXGroup;
			children = (
				9F477A511D3769AA00AE2EB0 /* AppDelegate.swift */,
				9F477A531D3769AA00AE2EB0 /* ViewController.swift */,
				9F477A551D3769AA00AE2EB0 /* Main.storyboard */,
				9F477A581D3769AA00AE2EB0 /* Assets.xcassets */,
				9F477A5A1D3769AA00AE2EB0 /* LaunchScreen.storyboard */,
				9F477A5D1D3769AA00AE2EB0 /* Info.plist */,
				9F477A7F1D3781E100AE2EB0 /* PrinterController.swift */,
			);
			path = Printer;
			sourceTree = "<group>";
		};
		9F477A651D3769AA00AE2EB0 /* PrinterTests */ = {
			isa = PBXGroup;
			children = (
				9F477A661D3769AA00AE2EB0 /* PrinterTests.swift */,
				9F477A681D3769AA00AE2EB0 /* Info.plist */,
			);
			path = PrinterTests;
			sourceTree = "<group>";
		};
		9F477A701D3769AB00AE2EB0 /* PrinterUITests */ = {
			isa = PBXGroup;
			children = (
				9F477A711D3769AB00AE2EB0 /* PrinterUITests.swift */,
				9F477A731D3769AB00AE2EB0 /* Info.plist */,
			);
			path = PrinterUITests;
			sourceTree = "<group>";
		};
/* End PBXGroup section */

/* Begin PBXNativeTarget section */
		9F477A4D1D3769AA00AE2EB0 /* Printer */ = {
			isa = PBXNativeTarget;
			buildConfigurationList = 9F477A761D3769AB00AE2EB0 /* Build configuration list for PBXNativeTarget "Printer" */;
			buildPhases = (
				9F477A4A1D3769AA00AE2EB0 /* Sources */,
				9F477A4B1D3769AA00AE2EB0 /* Frameworks */,
				9F477A4C1D3769AA00AE2EB0 /* Resources */,
			);
			buildRules = (
			);
			dependencies = (
			);
			name = Printer;
			productName = Printer;
			productReference = 9F477A4E1D3769AA00AE2EB0 /* Printer.app */;
			productType = "com.apple.product-type.application";
		};
		9F477A611D3769AA00AE2EB0 /* PrinterTests */ = {
			isa = PBXNativeTarget;
			buildConfigurationList = 9F477A791D3769AB00AE2EB0 /* Build configuration list for PBXNativeTarget "PrinterTests" */;
			buildPhases = (
				9F477A5E1D3769AA00AE2EB0 /* Sources */,
				9F477A5F1D3769AA00AE2EB0 /* Frameworks */,
				9F477A601D3769AA00AE2EB0 /* Resources */,
			);
			buildRules = (
			);
			dependencies = (
				9F477A641D3769AA00AE2EB0 /* PBXTargetDependency */,
			);
			name = PrinterTests;
			productName = PrinterTests;
			productReference = 9F477A621D3769AA00AE2EB0 /* PrinterTests.xctest */;
			productType = "com.apple.product-type.bundle.unit-test";
		};
		9F477A6C1D3769AB00AE2EB0 /* PrinterUITests */ = {
			isa = PBXNativeTarget;
			buildConfigurationList = 9F477A7C1D3769AB00AE2EB0 /* Build configuration list for PBXNativeTarget "PrinterUITests" */;
			buildPhases = (
				9F477A691D3769AB00AE2EB0 /* Sources */,
				9F477A6A1D3769AB00AE2EB0 /* Frameworks */,
				9F477A6B1D3769AB00AE2EB0 /* Resources */,
			);
			buildRules = (
			);
			dependencies = (
				9F477A6F1D3769AB00AE2EB0 /* PBXTargetDependency */,
			);
			name = PrinterUITests;
			productName = PrinterUITests;
			productReference = 9F477A6D1D3769AB00AE2EB0 /* PrinterUITests.xctest */;
			productType = "com.apple.product-type.bundle.ui-testing";
		};
/* End PBXNativeTarget section */

/* Begin PBXProject section */
		9F477A461D3769AA00AE2EB0 /* Project object */ = {
			isa = PBXProject;
			attributes = {
				LastSwiftUpdateCheck = 0730;
				LastUpgradeCheck = 0730;
				ORGANIZATIONNAME = "Malik Umar Bhutta";
				TargetAttributes = {
					9F477A4D1D3769AA00AE2EB0 = {
						CreatedOnToolsVersion = 7.3.1;
					};
					9F477A611D3769AA00AE2EB0 = {
						CreatedOnToolsVersion = 7.3.1;
						TestTargetID = 9F477A4D1D3769AA00AE2EB0;
					};
					9F477A6C1D3769AB00AE2EB0 = {
						CreatedOnToolsVersion = 7.3.1;
						TestTargetID = 9F477A4D1D3769AA00AE2EB0;
					};
				};
			};
			buildConfigurationList = 9F477A491D3769AA00AE2EB0 /* Build configuration list for PBXProject "Printer" */;
			compatibilityVersion = "Xcode 3.2";
			developmentRegion = English;
			hasScannedForEncodings = 0;
			knownRegions = (
				en,
				Base,
			);
			mainGroup = 9F477A451D3769AA00AE2EB0;
			productRefGroup = 9F477A4F1D3769AA00AE2EB0 /* Products */;
			projectDirPath = "";
			projectRoot = "";
			targets = (
				9F477A4D1D3769AA00AE2EB0 /* Printer */,
				9F477A611D3769AA00AE2EB0 /* PrinterTests */,
				9F477A6C1D3769AB00AE2EB0 /* PrinterUITests */,
			);
		};
/* End PBXProject section */

/* Begin PBXResourcesBuildPhase section */
		9F477A4C1D3769AA00AE2EB0 /* Resources */ = {
			isa = PBXResourcesBuildPhase;
			buildActionMask = 2147483647;
			files = (
				9F477A5C1D3769AA00AE2EB0 /* LaunchScreen.storyboard in Resources */,
				9F477A591D3769AA00AE2EB0 /* Assets.xcassets in Resources */,
				9F477A571D3769AA00AE2EB0 /* Main.storyboard in Resources */,
			);
			runOnlyForDeploymentPostprocessing = 0;
		};
		9F477A601D3769AA00AE2EB0 /* Resources */ = {
			isa = PBXResourcesBuildPhase;
			buildActionMask = 2147483647;
			files = (
			);
			runOnlyForDeploymentPostprocessing = 0;
		};
		9F477A6B1D3769AB00AE2EB0 /* Resources */ = {
			isa = PBXResourcesBuildPhase;
			buildActionMask = 2147483647;
			files = (
			);
			runOnlyForDeploymentPostprocessing = 0;
		};
/* End PBXResourcesBuildPhase section */

/* Begin PBXSourcesBuildPhase section */
		9F477A4A1D3769AA00AE2EB0 /* Sources */ = {
			isa = PBXSourcesBuildPhase;
			buildActionMask = 2147483647;
			files = (
				9F477A801D3781E100AE2EB0 /* PrinterController.swift in Sources */,
				9F477A541D3769AA00AE2EB0 /* ViewController.swift in Sources */,
				9F477A521D3769AA00AE2EB0 /* AppDelegate.swift in Sources */,
			);
			runOnlyForDeploymentPostprocessing = 0;
		};
		9F477A5E1D3769AA00AE2EB0 /* Sources */ = {
			isa = PBXSourcesBuildPhase;
			buildActionMask = 2147483647;
			files = (
				9F477A671D3769AA00AE2EB0 /* PrinterTests.swift in Sources */,
			);
			runOnlyForDeploymentPostprocessing = 0;
		};
		9F477A691D3769AB00AE2EB0 /* Sources */ = {
			isa = PBXSourcesBuildPhase;
			buildActionMask = 2147483647;
			files = (
				9F477A721D3769AB00AE2EB0 /* PrinterUITests.swift in Sources */,
			);
			runOnlyForDeploymentPostprocessing = 0;
		};
/* End PBXSourcesBuildPhase section */

/* Begin PBXTargetDependency section */
		9F477A641D3769AA00AE2EB0 /* PBXTargetDependency */ = {
			isa = PBXTargetDependency;
			target = 9F477A4D1D3769AA00AE2EB0 /* Printer */;
			targetProxy = 9F477A631D3769AA00AE2EB0 /* PBXContainerItemProxy */;
		};
		9F477A6F1D3769AB00AE2EB0 /* PBXTargetDependency */ = {
			isa = PBXTargetDependency;
			target = 9F477A4D1D3769AA00AE2EB0 /* Printer */;
			targetProxy = 9F477A6E1D3769AB00AE2EB0 /* PBXContainerItemProxy */;
		};
/* End PBXTargetDependency section */

/* Begin PBXVariantGroup section */
		9F477A551D3769AA00AE2EB0 /* Main.storyboard */ = {
			isa = PBXVariantGroup;
			children = (
				9F477A561D3769AA00AE2EB0 /* Base */,
			);
			name = Main.storyboard;
			sourceTree = "<group>";
		};
		9F477A5A1D3769AA00AE2EB0 /* LaunchScreen.storyboard */ = {
			isa = PBXVariantGroup;
			children = (
				9F477A5B1D3769AA00AE2EB0 /* Base */,
			);
			name = LaunchScreen.storyboard;
			sourceTree = "<group>";
		};
/* End PBXVariantGroup section */

/* Begin XCBuildConfiguration section */
		9F477A741D3769AB00AE2EB0 /* Debug */ = {
			isa = XCBuildConfiguration;
			buildSettings = {
				ALWAYS_SEARCH_USER_PATHS = NO;
				CLANG_ANALYZER_NONNULL = YES;
				CLANG_CXX_LANGUAGE_STANDARD = "gnu++0x";
				CLANG_CXX_LIBRARY = "libc++";
				CLANG_ENABLE_MODULES = YES;
				CLANG_ENABLE_OBJC_ARC = YES;
				CLANG_WARN_BOOL_CONVERSION = YES;
				CLANG_WARN_CONSTANT_CONVERSION = YES;
				CLANG_WARN_DIRECT_OBJC_ISA_USAGE = YES_ERROR;
				CLANG_WARN_EMPTY_BODY = YES;
				CLANG_WARN_ENUM_CONVERSION = YES;
				CLANG_WARN_INT_CONVERSION = YES;
				CLANG_WARN_OBJC_ROOT_CLASS = YES_ERROR;
				CLANG_WARN_UNREACHABLE_CODE = YES;
				CLANG_WARN__DUPLICATE_METHOD_MATCH = YES;
				"CODE_SIGN_IDENTITY[sdk=iphoneos*]" = "iPhone Developer";
				COPY_PHASE_STRIP = NO;
				DEBUG_INFORMATION_FORMAT = dwarf;
				ENABLE_STRICT_OBJC_MSGSEND = YES;
				ENABLE_TESTABILITY = YES;
				GCC_C_LANGUAGE_STANDARD = gnu99;
				GCC_DYNAMIC_NO_PIC = NO;
				GCC_NO_COMMON_BLOCKS = YES;
				GCC_OPTIMIZATION_LEVEL = 0;
				GCC_PREPROCESSOR_DEFINITIONS = (
					"DEBUG=1",
					"$(inherited)",
				);
				GCC_WARN_64_TO_32_BIT_CONVERSION = YES;
				GCC_WARN_ABOUT_RETURN_TYPE = YES_ERROR;
				GCC_WARN_UNDECLARED_SELECTOR = YES;
				GCC_WARN_UNINITIALIZED_AUTOS = YES_AGGRESSIVE;
				GCC_WARN_UNUSED_FUNCTION = YES;
				GCC_WARN_UNUSED_VARIABLE = YES;
				IPHONEOS_DEPLOYMENT_TARGET = 9.3;
				MTL_ENABLE_DEBUG_INFO = YES;
				ONLY_ACTIVE_ARCH = YES;
				SDKROOT = iphoneos;
				SWIFT_OPTIMIZATION_LEVEL = "-Onone";
			};
			name = Debug;
		};
		9F477A751D3769AB00AE2EB0 /* Release */ = {
			isa = XCBuildConfiguration;
			buildSettings = {
				ALWAYS_SEARCH_USER_PATHS = NO;
				CLANG_ANALYZER_NONNULL = YES;
				CLANG_CXX_LANGUAGE_STANDARD = "gnu++0x";
				CLANG_CXX_LIBRARY = "libc++";
				CLANG_ENABLE_MODULES = YES;
				CLANG_ENABLE_OBJC_ARC = YES;
				CLANG_WARN_BOOL_CONVERSION = YES;
				CLANG_WARN_CONSTANT_CONVERSION = YES;
				CLANG_WARN_DIRECT_OBJC_ISA_USAGE = YES_ERROR;
				CLANG_WARN_EMPTY_BODY = YES;
				CLANG_WARN_ENUM_CONVERSION = YES;
				CLANG_WARN_INT_CONVERSION = YES;
				CLANG_WARN_OBJC_ROOT_CLASS = YES_ERROR;
				CLANG_WARN_UNREACHABLE_CODE = YES;
				CLANG_WARN__DUPLICATE_METHOD_MATCH = YES;
				"CODE_SIGN_IDENTITY[sdk=iphoneos*]" = "iPhone Developer";
				COPY_PHASE_STRIP = NO;
				DEBUG_INFORMATION_FORMAT = "dwarf-with-dsym";
				ENABLE_NS_ASSERTIONS = NO;
				ENABLE_STRICT_OBJC_MSGSEND = YES;
				GCC_C_LANGUAGE_STANDARD = gnu99;
				GCC_NO_COMMON_BLOCKS = YES;
				GCC_WARN_64_TO_32_BIT_CONVERSION = YES;
				GCC_WARN_ABOUT_RETURN_TYPE = YES_ERROR;
				GCC_WARN_UNDECLARED_SELECTOR = YES;
				GCC_WARN_UNINITIALIZED_AUTOS = YES_AGGRESSIVE;
				GCC_WARN_UNUSED_FUNCTION = YES;
				GCC_WARN_UNUSED_VARIABLE = YES;
				IPHONEOS_DEPLOYMENT_TARGET = 9.3;
				MTL_ENABLE_DEBUG_INFO = NO;
				SDKROOT = iphoneos;
				VALIDATE_PRODUCT = YES;
			};
			name = Release;
		};
		9F477A771D3769AB00AE2EB0 /* Debug */ = {
			isa = XCBuildConfiguration;
			buildSettings = {
				ASSETCATALOG_COMPILER_APPICON_NAME = AppIcon;
				INFOPLIST_FILE = Printer/Info.plist;
				LD_RUNPATH_SEARCH_PATHS = "$(inherited) @executable_path/Frameworks";
				PRODUCT_BUNDLE_IDENTIFIER = krestel.Printer;
				PRODUCT_NAME = "$(TARGET_NAME)";
			};
			name = Debug;
		};
		9F477A781D3769AB00AE2EB0 /* Release */ = {
			isa = XCBuildConfiguration;
			buildSettings = {
				ASSETCATALOG_COMPILER_APPICON_NAME = AppIcon;
				INFOPLIST_FILE = Printer/Info.plist;
				LD_RUNPATH_SEARCH_PATHS = "$(inherited) @executable_path/Frameworks";
				PRODUCT_BUNDLE_IDENTIFIER = krestel.Printer;
				PRODUCT_NAME = "$(TARGET_NAME)";
			};
			name = Release;
		};
		9F477A7A1D3769AB00AE2EB0 /* Debug */ = {
			isa = XCBuildConfiguration;
			buildSettings = {
				BUNDLE_LOADER = "$(TEST_HOST)";
				INFOPLIST_FILE = PrinterTests/Info.plist;
				LD_RUNPATH_SEARCH_PATHS = "$(inherited) @executable_path/Frameworks @loader_path/Frameworks";
				PRODUCT_BUNDLE_IDENTIFIER = krestel.PrinterTests;
				PRODUCT_NAME = "$(TARGET_NAME)";
				TEST_HOST = "$(BUILT_PRODUCTS_DIR)/Printer.app/Printer";
			};
			name = Debug;
		};
		9F477A7B1D3769AB00AE2EB0 /* Release */ = {
			isa = XCBuildConfiguration;
			buildSettings = {
				BUNDLE_LOADER = "$(TEST_HOST)";
				INFOPLIST_FILE = PrinterTests/Info.plist;
				LD_RUNPATH_SEARCH_PATHS = "$(inherited) @executable_path/Frameworks @loader_path/Frameworks";
				PRODUCT_BUNDLE_IDENTIFIER = krestel.PrinterTests;
				PRODUCT_NAME = "$(TARGET_NAME)";
				TEST_HOST = "$(BUILT_PRODUCTS_DIR)/Printer.app/Printer";
			};
			name = Release;
		};
		9F477A7D1D3769AB00AE2EB0 /* Debug */ = {
			isa = XCBuildConfiguration;
			buildSettings = {
				INFOPLIST_FILE = PrinterUITests/Info.plist;
				LD_RUNPATH_SEARCH_PATHS = "$(inherited) @executable_path/Frameworks @loader_path/Frameworks";
				PRODUCT_BUNDLE_IDENTIFIER = krestel.PrinterUITests;
				PRODUCT_NAME = "$(TARGET_NAME)";
				TEST_TARGET_NAME = Printer;
			};
			name = Debug;
		};
		9F477A7E1D3769AB00AE2EB0 /* Release */ = {
			isa = XCBuildConfiguration;
			buildSettings = {
				INFOPLIST_FILE = PrinterUITests/Info.plist;
				LD_RUNPATH_SEARCH_PATHS = "$(inherited) @executable_path/Frameworks @loader_path/Frameworks";
				PRODUCT_BUNDLE_IDENTIFIER = krestel.PrinterUITests;
				PRODUCT_NAME = "$(TARGET_NAME)";
				TEST_TARGET_NAME = Printer;
			};
			name = Release;
		};
/* End XCBuildConfiguration section */

/* Begin XCConfigurationList section */
		9F477A491D3769AA00AE2EB0 /* Build configuration list for PBXProject "Printer" */ = {
			isa = XCConfigurationList;
			buildConfigurations = (
				9F477A741D3769AB00AE2EB0 /* Debug */,
				9F477A751D3769AB00AE2EB0 /* Release */,
			);
			defaultConfigurationIsVisible = 0;
			defaultConfigurationName = Release;
		};
		9F477A761D3769AB00AE2EB0 /* Build configuration list for PBXNativeTarget "Printer" */ = {
			isa = XCConfigurationList;
			buildConfigurations = (
				9F477A771D3769AB00AE2EB0 /* Debug */,
				9F477A781D3769AB00AE2EB0 /* Release */,
			);
			defaultConfigurationIsVisible = 0;
			defaultConfigurationName = Release;
		};
		9F477A791D3769AB00AE2EB0 /* Build configuration list for PBXNativeTarget "PrinterTests" */ = {
			isa = XCConfigurationList;
			buildConfigurations = (
				9F477A7A1D3769AB00AE2EB0 /* Debug */,
				9F477A7B1D3769AB00AE2EB0 /* Release */,
			);
			defaultConfigurationIsVisible = 0;
			defaultConfigurationName = Release;
		};
		9F477A7C1D3769AB00AE2EB0 /* Build configuration list for PBXNativeTarget "PrinterUITests" */ = {
			isa = XCConfigurationList;
			buildConfigurations = (
				9F477A7D1D3769AB00AE2EB0 /* Debug */,
				9F477A7E1D3769AB00AE2EB0 /* Release */,
			);
			defaultConfigurationIsVisible = 0;
			defaultConfigurationName = Release;
		};
/* End XCConfigurationList section */
	};
	rootObject = 9F477A461D3769AA00AE2EB0 /* Project object */;
}
